
Microsoft Visual Studio Solution File, Format Version 12.00
# Visual Studio 15
VisualStudioVersion = 15.0.26124.0
MinimumVisualStudioVersion = 15.0.26124.0
Project("{FAE04EC0-301F-11D3-BF4B-00C04F79EFBC}") = "LibraryApp.API", "LibraryApp.API\LibraryApp.API.csproj", "{F2234037-6DE4-4738-BC9C-38CFF311AB80}"
EndProject
Project("{FAE04EC0-301F-11D3-BF4B-00C04F79EFBC}") = "LibraryApp.Domain", "LibraryApp.Domain\LibraryApp.Domain.csproj", "{65C28EC1-D17F-4DDB-A055-2B4A3576771B}"
EndProject
Project("{FAE04EC0-301F-11D3-BF4B-00C04F79EFBC}") = "LibraryApp.Data", "LibraryApp.Data\LibraryApp.Data.csproj", "{3A6F0341-8EF9-485E-8AEA-A1EBCA444E26}"
EndProject
Global
	GlobalSection(SolutionConfigurationPlatforms) = preSolution
		Debug|Any CPU = Debug|Any CPU
		Debug|x64 = Debug|x64
		Debug|x86 = Debug|x86
		Release|Any CPU = Release|Any CPU
		Release|x64 = Release|x64
		Release|x86 = Release|x86
	EndGlobalSection
	GlobalSection(SolutionProperties) = preSolution
		HideSolutionNode = FALSE
	EndGlobalSection
	GlobalSection(ProjectConfigurationPlatforms) = postSolution
		{F2234037-6DE4-4738-BC9C-38CFF311AB80}.Debug|Any CPU.ActiveCfg = Debug|Any CPU
		{F2234037-6DE4-4738-BC9C-38CFF311AB80}.Debug|Any CPU.Build.0 = Debug|Any CPU
		{F2234037-6DE4-4738-BC9C-38CFF311AB80}.Debug|x64.ActiveCfg = Debug|Any CPU
		{F2234037-6DE4-4738-BC9C-38CFF311AB80}.Debug|x64.Build.0 = Debug|Any CPU
		{F2234037-6DE4-4738-BC9C-38CFF311AB80}.Debug|x86.ActiveCfg = Debug|Any CPU
		{F2234037-6DE4-4738-BC9C-38CFF311AB80}.Debug|x86.Build.0 = Debug|Any CPU
		{F2234037-6DE4-4738-BC9C-38CFF311AB80}.Release|Any CPU.ActiveCfg = Release|Any CPU
		{F2234037-6DE4-4738-BC9C-38CFF311AB80}.Release|Any CPU.Build.0 = Release|Any CPU
		{F2234037-6DE4-4738-BC9C-38CFF311AB80}.Release|x64.ActiveCfg = Release|Any CPU
		{F2234037-6DE4-4738-BC9C-38CFF311AB80}.Release|x64.Build.0 = Release|Any CPU
		{F2234037-6DE4-4738-BC9C-38CFF311AB80}.Release|x86.ActiveCfg = Release|Any CPU
		{F2234037-6DE4-4738-BC9C-38CFF311AB80}.Release|x86.Build.0 = Release|Any CPU
		{65C28EC1-D17F-4DDB-A055-2B4A3576771B}.Debug|Any CPU.ActiveCfg = Debug|Any CPU
		{65C28EC1-D17F-4DDB-A055-2B4A3576771B}.Debug|Any CPU.Build.0 = Debug|Any CPU
		{65C28EC1-D17F-4DDB-A055-2B4A3576771B}.Debug|x64.ActiveCfg = Debug|Any CPU
		{65C28EC1-D17F-4DDB-A055-2B4A3576771B}.Debug|x64.Build.0 = Debug|Any CPU
		{65C28EC1-D17F-4DDB-A055-2B4A3576771B}.Debug|x86.ActiveCfg = Debug|Any CPU
		{65C28EC1-D17F-4DDB-A055-2B4A3576771B}.Debug|x86.Build.0 = Debug|Any CPU
		{65C28EC1-D17F-4DDB-A055-2B4A3576771B}.Release|Any CPU.ActiveCfg = Release|Any CPU
		{65C28EC1-D17F-4DDB-A055-2B4A3576771B}.Release|Any CPU.Build.0 = Release|Any CPU
		{65C28EC1-D17F-4DDB-A055-2B4A3576771B}.Release|x64.ActiveCfg = Release|Any CPU
		{65C28EC1-D17F-4DDB-A055-2B4A3576771B}.Release|x64.Build.0 = Release|Any CPU
		{65C28EC1-D17F-4DDB-A055-2B4A3576771B}.Release|x86.ActiveCfg = Release|Any CPU
		{65C28EC1-D17F-4DDB-A055-2B4A3576771B}.Release|x86.Build.0 = Release|Any CPU
		{3A6F0341-8EF9-485E-8AEA-A1EBCA444E26}.Debug|Any CPU.ActiveCfg = Debug|Any CPU
		{3A6F0341-8EF9-485E-8AEA-A1EBCA444E26}.Debug|Any CPU.Build.0 = Debug|Any CPU
		{3A6F0341-8EF9-485E-8AEA-A1EBCA444E26}.Debug|x64.ActiveCfg = Debug|Any CPU
		{3A6F0341-8EF9-485E-8AEA-A1EBCA444E26}.Debug|x64.Build.0 = Debug|Any CPU
		{3A6F0341-8EF9-485E-8AEA-A1EBCA444E26}.Debug|x86.ActiveCfg = Debug|Any CPU
		{3A6F0341-8EF9-485E-8AEA-A1EBCA444E26}.Debug|x86.Build.0 = Debug|Any CPU
		{3A6F0341-8EF9-485E-8AEA-A1EBCA444E26}.Release|Any CPU.ActiveCfg = Release|Any CPU
		{3A6F0341-8EF9-485E-8AEA-A1EBCA444E26}.Release|Any CPU.Build.0 = Release|Any CPU
		{3A6F0341-8EF9-485E-8AEA-A1EBCA444E26}.Release|x64.ActiveCfg = Release|Any CPU
		{3A6F0341-8EF9-485E-8AEA-A1EBCA444E26}.Release|x64.Build.0 = Release|Any CPU
		{3A6F0341-8EF9-485E-8AEA-A1EBCA444E26}.Release|x86.ActiveCfg = Release|Any CPU
		{3A6F0341-8EF9-485E-8AEA-A1EBCA444E26}.Release|x86.Build.0 = Release|Any CPU
	EndGlobalSection
EndGlobal
